
Microsoft Visual Studio Solution File, Format Version 12.00
# Visual Studio 15
Project("{FAE04EC0-301F-11D3-BF4B-00C04F79EFBC}") = "Assembly-CSharp", "Assembly-CSharp.csproj", "{0DFAE187-FF9A-9260-4672-88E9D401F79F}"
EndProject
Project("{FAE04EC0-301F-11D3-BF4B-00C04F79EFBC}") = "Assembly-CSharp-Editor", "Assembly-CSharp-Editor.csproj", "{B889EA38-D785-ACFE-E449-9F0ABBC77DD4}"
EndProject
Global
	GlobalSection(SolutionConfigurationPlatforms) = preSolution
		Debug|Any CPU = Debug|Any CPU
		Release|Any CPU = Release|Any CPU
	EndGlobalSection
	GlobalSection(ProjectConfigurationPlatforms) = postSolution
		{0DFAE187-FF9A-9260-4672-88E9D401F79F}.Debug|Any CPU.ActiveCfg = Debug|Any CPU
		{0DFAE187-FF9A-9260-4672-88E9D401F79F}.Debug|Any CPU.Build.0 = Debug|Any CPU
		{0DFAE187-FF9A-9260-4672-88E9D401F79F}.Release|Any CPU.ActiveCfg = Release|Any CPU
		{0DFAE187-FF9A-9260-4672-88E9D401F79F}.Release|Any CPU.Build.0 = Release|Any CPU
		{B889EA38-D785-ACFE-E449-9F0ABBC77DD4}.Debug|Any CPU.ActiveCfg = Debug|Any CPU
		{B889EA38-D785-ACFE-E449-9F0ABBC77DD4}.Debug|Any CPU.Build.0 = Debug|Any CPU
		{B889EA38-D785-ACFE-E449-9F0ABBC77DD4}.Release|Any CPU.ActiveCfg = Release|Any CPU
		{B889EA38-D785-ACFE-E449-9F0ABBC77DD4}.Release|Any CPU.Build.0 = Release|Any CPU
	EndGlobalSection
	GlobalSection(SolutionProperties) = preSolution
		HideSolutionNode = FALSE
	EndGlobalSection
EndGlobal
